// !$*UTF8*$!
{
	archiveVersion = 1;
	classes = {
	};
	objectVersion = 56;
	objects = {

/* Begin PBXBuildFile section */
		06C9D0DC921EF95A1895CDBB /* Pods_Yummie.framework in Frameworks */ = {isa = PBXBuildFile; fileRef = D88050F8BDC7E55791EAFE8E /* Pods_Yummie.framework */; };
		8B2518E72A518EFE0040F89C /* UIViewExtension.swift in Sources */ = {isa = PBXBuildFile; fileRef = 8B2518E62A518EFE0040F89C /* UIViewExtension.swift */; };
		8B2518E92A518FF70040F89C /* OnboardingSlide.swift in Sources */ = {isa = PBXBuildFile; fileRef = 8B2518E82A518FF70040F89C /* OnboardingSlide.swift */; };
		8B2518EB2A5191F00040F89C /* OnboardingCollectionViewCell.swift in Sources */ = {isa = PBXBuildFile; fileRef = 8B2518EA2A5191F00040F89C /* OnboardingCollectionViewCell.swift */; };
		8B67436C2A548766003031BA /* DishDetailViewController.swift in Sources */ = {isa = PBXBuildFile; fileRef = 8B67436B2A548766003031BA /* DishDetailViewController.swift */; };
		8B67436E2A54B509003031BA /* UIViewController+Extension.swift in Sources */ = {isa = PBXBuildFile; fileRef = 8B67436D2A54B509003031BA /* UIViewController+Extension.swift */; };
		8B6743732A54BB1E003031BA /* DishListTableViewCell.swift in Sources */ = {isa = PBXBuildFile; fileRef = 8B6743712A54BB1E003031BA /* DishListTableViewCell.swift */; };
		8B6743742A54BB1E003031BA /* DishListTableViewCell.xib in Resources */ = {isa = PBXBuildFile; fileRef = 8B6743722A54BB1E003031BA /* DishListTableViewCell.xib */; };
		8B6743772A54C248003031BA /* ListDishesViewController.swift in Sources */ = {isa = PBXBuildFile; fileRef = 8B6743762A54C248003031BA /* ListDishesViewController.swift */; };
		8BA43F112A56DF5D00C72405 /* ListOrdersViewController.swift in Sources */ = {isa = PBXBuildFile; fileRef = 8BA43F102A56DF5D00C72405 /* ListOrdersViewController.swift */; };
		8BA43F132A56E2DA00C72405 /* Order.swift in Sources */ = {isa = PBXBuildFile; fileRef = 8BA43F122A56E2DA00C72405 /* Order.swift */; };
		8BD26BDB2A5368E1003A97F8 /* HomeViewController.swift in Sources */ = {isa = PBXBuildFile; fileRef = 8BD26BDA2A5368E1003A97F8 /* HomeViewController.swift */; };
		8BD26BE02A536FAF003A97F8 /* CategoryCollectionViewCell.swift in Sources */ = {isa = PBXBuildFile; fileRef = 8BD26BDE2A536FAF003A97F8 /* CategoryCollectionViewCell.swift */; };
		8BD26BE12A536FAF003A97F8 /* CategoryCollectionViewCell.xib in Resources */ = {isa = PBXBuildFile; fileRef = 8BD26BDF2A536FAF003A97F8 /* CategoryCollectionViewCell.xib */; };
		8BEBDB6C2A540E2800182C5C /* DishCategory.swift in Sources */ = {isa = PBXBuildFile; fileRef = 8BEBDB6B2A540E2800182C5C /* DishCategory.swift */; };
		8BEBDB6E2A540FFC00182C5C /* StringExtension.swift in Sources */ = {isa = PBXBuildFile; fileRef = 8BEBDB6D2A540FFC00182C5C /* StringExtension.swift */; };
		8BEBDB712A54244C00182C5C /* CardView.swift in Sources */ = {isa = PBXBuildFile; fileRef = 8BEBDB702A54244C00182C5C /* CardView.swift */; };
		8BEBDB752A54393B00182C5C /* DishPortraitCollectionViewCell.swift in Sources */ = {isa = PBXBuildFile; fileRef = 8BEBDB732A54393B00182C5C /* DishPortraitCollectionViewCell.swift */; };
		8BEBDB762A54393B00182C5C /* DishPortraitCollectionViewCell.xib in Resources */ = {isa = PBXBuildFile; fileRef = 8BEBDB742A54393B00182C5C /* DishPortraitCollectionViewCell.xib */; };
		8BEBDB782A543BB200182C5C /* Dish.swift in Sources */ = {isa = PBXBuildFile; fileRef = 8BEBDB772A543BB200182C5C /* Dish.swift */; };
		8BEBDB802A54558100182C5C /* DishLandscapeCollectionViewCell.swift in Sources */ = {isa = PBXBuildFile; fileRef = 8BEBDB7E2A54558100182C5C /* DishLandscapeCollectionViewCell.swift */; };
		8BEBDB812A54558100182C5C /* DishLandscapeCollectionViewCell.xib in Resources */ = {isa = PBXBuildFile; fileRef = 8BEBDB7F2A54558100182C5C /* DishLandscapeCollectionViewCell.xib */; };
		8BFEDDDE2A517AF100DC9FAF /* AppDelegate.swift in Sources */ = {isa = PBXBuildFile; fileRef = 8BFEDDDD2A517AF100DC9FAF /* AppDelegate.swift */; };
		8BFEDDE02A517AF100DC9FAF /* SceneDelegate.swift in Sources */ = {isa = PBXBuildFile; fileRef = 8BFEDDDF2A517AF100DC9FAF /* SceneDelegate.swift */; };
		8BFEDDE52A517AF100DC9FAF /* Main.storyboard in Resources */ = {isa = PBXBuildFile; fileRef = 8BFEDDE32A517AF100DC9FAF /* Main.storyboard */; };
		8BFEDDE72A517AF300DC9FAF /* Assets.xcassets in Resources */ = {isa = PBXBuildFile; fileRef = 8BFEDDE62A517AF300DC9FAF /* Assets.xcassets */; };
		8BFEDDEA2A517AF300DC9FAF /* LaunchScreen.storyboard in Resources */ = {isa = PBXBuildFile; fileRef = 8BFEDDE82A517AF300DC9FAF /* LaunchScreen.storyboard */; };
		8BFEDDF62A51821F00DC9FAF /* OnboardingViewController.swift in Sources */ = {isa = PBXBuildFile; fileRef = 8BFEDDF52A51821F00DC9FAF /* OnboardingViewController.swift */; };
/* End PBXBuildFile section */

/* Begin PBXFileReference section */
		656C670CE4A8E7C28727E74B /* Pods-Yummie.debug.xcconfig */ = {isa = PBXFileReference; includeInIndex = 1; lastKnownFileType = text.xcconfig; name = "Pods-Yummie.debug.xcconfig"; path = "Target Support Files/Pods-Yummie/Pods-Yummie.debug.xcconfig"; sourceTree = "<group>"; };
		65CFE0C8A6FDD2413600979A /* Pods-Yummie.release.xcconfig */ = {isa = PBXFileReference; includeInIndex = 1; lastKnownFileType = text.xcconfig; name = "Pods-Yummie.release.xcconfig"; path = "Target Support Files/Pods-Yummie/Pods-Yummie.release.xcconfig"; sourceTree = "<group>"; };
		8B2518E62A518EFE0040F89C /* UIViewExtension.swift */ = {isa = PBXFileReference; lastKnownFileType = sourcecode.swift; path = UIViewExtension.swift; sourceTree = "<group>"; };
		8B2518E82A518FF70040F89C /* OnboardingSlide.swift */ = {isa = PBXFileReference; lastKnownFileType = sourcecode.swift; path = OnboardingSlide.swift; sourceTree = "<group>"; };
		8B2518EA2A5191F00040F89C /* OnboardingCollectionViewCell.swift */ = {isa = PBXFileReference; lastKnownFileType = sourcecode.swift; path = OnboardingCollectionViewCell.swift; sourceTree = "<group>"; };
		8B67436B2A548766003031BA /* DishDetailViewController.swift */ = {isa = PBXFileReference; lastKnownFileType = sourcecode.swift; path = DishDetailViewController.swift; sourceTree = "<group>"; };
		8B67436D2A54B509003031BA /* UIViewController+Extension.swift */ = {isa = PBXFileReference; lastKnownFileType = sourcecode.swift; path = "UIViewController+Extension.swift"; sourceTree = "<group>"; };
		8B6743712A54BB1E003031BA /* DishListTableViewCell.swift */ = {isa = PBXFileReference; lastKnownFileType = sourcecode.swift; path = DishListTableViewCell.swift; sourceTree = "<group>"; };
		8B6743722A54BB1E003031BA /* DishListTableViewCell.xib */ = {isa = PBXFileReference; lastKnownFileType = file.xib; path = DishListTableViewCell.xib; sourceTree = "<group>"; };
		8B6743762A54C248003031BA /* ListDishesViewController.swift */ = {isa = PBXFileReference; lastKnownFileType = sourcecode.swift; path = ListDishesViewController.swift; sourceTree = "<group>"; };
		8BA43F102A56DF5D00C72405 /* ListOrdersViewController.swift */ = {isa = PBXFileReference; lastKnownFileType = sourcecode.swift; path = ListOrdersViewController.swift; sourceTree = "<group>"; };
		8BA43F122A56E2DA00C72405 /* Order.swift */ = {isa = PBXFileReference; lastKnownFileType = sourcecode.swift; path = Order.swift; sourceTree = "<group>"; };
		8BD26BDA2A5368E1003A97F8 /* HomeViewController.swift */ = {isa = PBXFileReference; lastKnownFileType = sourcecode.swift; path = HomeViewController.swift; sourceTree = "<group>"; };
		8BD26BDE2A536FAF003A97F8 /* CategoryCollectionViewCell.swift */ = {isa = PBXFileReference; lastKnownFileType = sourcecode.swift; path = CategoryCollectionViewCell.swift; sourceTree = "<group>"; };
		8BD26BDF2A536FAF003A97F8 /* CategoryCollectionViewCell.xib */ = {isa = PBXFileReference; lastKnownFileType = file.xib; path = CategoryCollectionViewCell.xib; sourceTree = "<group>"; };
		8BEBDB6B2A540E2800182C5C /* DishCategory.swift */ = {isa = PBXFileReference; lastKnownFileType = sourcecode.swift; path = DishCategory.swift; sourceTree = "<group>"; };
		8BEBDB6D2A540FFC00182C5C /* StringExtension.swift */ = {isa = PBXFileReference; lastKnownFileType = sourcecode.swift; path = StringExtension.swift; sourceTree = "<group>"; };
		8BEBDB702A54244C00182C5C /* CardView.swift */ = {isa = PBXFileReference; lastKnownFileType = sourcecode.swift; path = CardView.swift; sourceTree = "<group>"; };
		8BEBDB732A54393B00182C5C /* DishPortraitCollectionViewCell.swift */ = {isa = PBXFileReference; lastKnownFileType = sourcecode.swift; path = DishPortraitCollectionViewCell.swift; sourceTree = "<group>"; };
		8BEBDB742A54393B00182C5C /* DishPortraitCollectionViewCell.xib */ = {isa = PBXFileReference; lastKnownFileType = file.xib; path = DishPortraitCollectionViewCell.xib; sourceTree = "<group>"; };
		8BEBDB772A543BB200182C5C /* Dish.swift */ = {isa = PBXFileReference; lastKnownFileType = sourcecode.swift; path = Dish.swift; sourceTree = "<group>"; };
		8BEBDB7E2A54558100182C5C /* DishLandscapeCollectionViewCell.swift */ = {isa = PBXFileReference; lastKnownFileType = sourcecode.swift; path = DishLandscapeCollectionViewCell.swift; sourceTree = "<group>"; };
		8BEBDB7F2A54558100182C5C /* DishLandscapeCollectionViewCell.xib */ = {isa = PBXFileReference; lastKnownFileType = file.xib; path = DishLandscapeCollectionViewCell.xib; sourceTree = "<group>"; };
		8BFEDDDA2A517AF100DC9FAF /* Yummie.app */ = {isa = PBXFileReference; explicitFileType = wrapper.application; includeInIndex = 0; path = Yummie.app; sourceTree = BUILT_PRODUCTS_DIR; };
		8BFEDDDD2A517AF100DC9FAF /* AppDelegate.swift */ = {isa = PBXFileReference; lastKnownFileType = sourcecode.swift; path = AppDelegate.swift; sourceTree = "<group>"; };
		8BFEDDDF2A517AF100DC9FAF /* SceneDelegate.swift */ = {isa = PBXFileReference; lastKnownFileType = sourcecode.swift; path = SceneDelegate.swift; sourceTree = "<group>"; };
		8BFEDDE42A517AF100DC9FAF /* Base */ = {isa = PBXFileReference; lastKnownFileType = file.storyboard; name = Base; path = Base.lproj/Main.storyboard; sourceTree = "<group>"; };
		8BFEDDE62A517AF300DC9FAF /* Assets.xcassets */ = {isa = PBXFileReference; lastKnownFileType = folder.assetcatalog; path = Assets.xcassets; sourceTree = "<group>"; };
		8BFEDDE92A517AF300DC9FAF /* Base */ = {isa = PBXFileReference; lastKnownFileType = file.storyboard; name = Base; path = Base.lproj/LaunchScreen.storyboard; sourceTree = "<group>"; };
		8BFEDDEB2A517AF300DC9FAF /* Info.plist */ = {isa = PBXFileReference; lastKnownFileType = text.plist.xml; path = Info.plist; sourceTree = "<group>"; };
		8BFEDDF52A51821F00DC9FAF /* OnboardingViewController.swift */ = {isa = PBXFileReference; lastKnownFileType = sourcecode.swift; path = OnboardingViewController.swift; sourceTree = "<group>"; };
		D88050F8BDC7E55791EAFE8E /* Pods_Yummie.framework */ = {isa = PBXFileReference; explicitFileType = wrapper.framework; includeInIndex = 0; path = Pods_Yummie.framework; sourceTree = BUILT_PRODUCTS_DIR; };
/* End PBXFileReference section */

/* Begin PBXFrameworksBuildPhase section */
		8BFEDDD72A517AF100DC9FAF /* Frameworks */ = {
			isa = PBXFrameworksBuildPhase;
			buildActionMask = 2147483647;
			files = (
				06C9D0DC921EF95A1895CDBB /* Pods_Yummie.framework in Frameworks */,
			);
			runOnlyForDeploymentPostprocessing = 0;
		};
/* End PBXFrameworksBuildPhase section */

/* Begin PBXGroup section */
		36AD654E5031C5157A5D2D78 /* Frameworks */ = {
			isa = PBXGroup;
			children = (
				D88050F8BDC7E55791EAFE8E /* Pods_Yummie.framework */,
			);
			name = Frameworks;
			sourceTree = "<group>";
		};
		8B2518E52A518E830040F89C /* Extensions */ = {
			isa = PBXGroup;
			children = (
				8B2518E62A518EFE0040F89C /* UIViewExtension.swift */,
				8BEBDB6D2A540FFC00182C5C /* StringExtension.swift */,
				8B67436D2A54B509003031BA /* UIViewController+Extension.swift */,
			);
			path = Extensions;
			sourceTree = "<group>";
		};
		8B67436A2A548742003031BA /* DishDetail */ = {
			isa = PBXGroup;
			children = (
				8B67436B2A548766003031BA /* DishDetailViewController.swift */,
			);
			path = DishDetail;
			sourceTree = "<group>";
		};
		8B67436F2A54BADF003031BA /* TableViewCells */ = {
			isa = PBXGroup;
			children = (
				8B6743702A54BAEE003031BA /* DishListTableViewCell */,
			);
			path = TableViewCells;
			sourceTree = "<group>";
		};
		8B6743702A54BAEE003031BA /* DishListTableViewCell */ = {
			isa = PBXGroup;
			children = (
				8B6743712A54BB1E003031BA /* DishListTableViewCell.swift */,
				8B6743722A54BB1E003031BA /* DishListTableViewCell.xib */,
			);
			path = DishListTableViewCell;
			sourceTree = "<group>";
		};
		8B6743752A54C226003031BA /* ListDishes */ = {
			isa = PBXGroup;
			children = (
				8B6743762A54C248003031BA /* ListDishesViewController.swift */,
			);
			path = ListDishes;
			sourceTree = "<group>";
		};
		8BA43F0F2A56DF4E00C72405 /* List Order */ = {
			isa = PBXGroup;
			children = (
				8BA43F102A56DF5D00C72405 /* ListOrdersViewController.swift */,
			);
			path = "List Order";
			sourceTree = "<group>";
		};
		8BD26BD92A5368C2003A97F8 /* Home */ = {
			isa = PBXGroup;
			children = (
				8BD26BDA2A5368E1003A97F8 /* HomeViewController.swift */,
			);
			path = Home;
			sourceTree = "<group>";
		};
		8BD26BDC2A536F6C003A97F8 /* CollectionViewCells */ = {
			isa = PBXGroup;
			children = (
				8BEBDB792A5452F600182C5C /* DishLandscapeCollectionViewCell */,
				8BEBDB722A5438E000182C5C /* DishPortraitCollectionViewCell */,
				8BD26BDD2A536F79003A97F8 /* CategoryCollectionViewCell */,
			);
			path = CollectionViewCells;
			sourceTree = "<group>";
		};
		8BD26BDD2A536F79003A97F8 /* CategoryCollectionViewCell */ = {
			isa = PBXGroup;
			children = (
				8BD26BDE2A536FAF003A97F8 /* CategoryCollectionViewCell.swift */,
				8BD26BDF2A536FAF003A97F8 /* CategoryCollectionViewCell.xib */,
			);
			path = CategoryCollectionViewCell;
			sourceTree = "<group>";
		};
		8BEBDB6F2A54243C00182C5C /* CardView */ = {
			isa = PBXGroup;
			children = (
				8BEBDB702A54244C00182C5C /* CardView.swift */,
			);
			path = CardView;
			sourceTree = "<group>";
		};
		8BEBDB722A5438E000182C5C /* DishPortraitCollectionViewCell */ = {
			isa = PBXGroup;
			children = (
				8BEBDB732A54393B00182C5C /* DishPortraitCollectionViewCell.swift */,
				8BEBDB742A54393B00182C5C /* DishPortraitCollectionViewCell.xib */,
			);
			path = DishPortraitCollectionViewCell;
			sourceTree = "<group>";
		};
		8BEBDB792A5452F600182C5C /* DishLandscapeCollectionViewCell */ = {
			isa = PBXGroup;
			children = (
				8BEBDB7E2A54558100182C5C /* DishLandscapeCollectionViewCell.swift */,
				8BEBDB7F2A54558100182C5C /* DishLandscapeCollectionViewCell.xib */,
			);
			path = DishLandscapeCollectionViewCell;
			sourceTree = "<group>";
		};
		8BFEDDD12A517AF100DC9FAF = {
			isa = PBXGroup;
			children = (
				8BFEDDDC2A517AF100DC9FAF /* Yummie */,
				8BFEDDDB2A517AF100DC9FAF /* Products */,
				C8497F610FE7B7F1C628ACDE /* Pods */,
				36AD654E5031C5157A5D2D78 /* Frameworks */,
			);
			sourceTree = "<group>";
		};
		8BFEDDDB2A517AF100DC9FAF /* Products */ = {
			isa = PBXGroup;
			children = (
				8BFEDDDA2A517AF100DC9FAF /* Yummie.app */,
			);
			name = Products;
			sourceTree = "<group>";
		};
		8BFEDDDC2A517AF100DC9FAF /* Yummie */ = {
			isa = PBXGroup;
			children = (
				8B2518E52A518E830040F89C /* Extensions */,
				8BFEDDF32A5181E100DC9FAF /* CustomViews */,
				8BFEDDF22A5181D900DC9FAF /* Views */,
				8BFEDDF12A5181CC00DC9FAF /* Models */,
				8BFEDDDD2A517AF100DC9FAF /* AppDelegate.swift */,
				8BFEDDDF2A517AF100DC9FAF /* SceneDelegate.swift */,
				8BFEDDE32A517AF100DC9FAF /* Main.storyboard */,
				8BFEDDE62A517AF300DC9FAF /* Assets.xcassets */,
				8BFEDDE82A517AF300DC9FAF /* LaunchScreen.storyboard */,
				8BFEDDEB2A517AF300DC9FAF /* Info.plist */,
			);
			path = Yummie;
			sourceTree = "<group>";
		};
		8BFEDDF12A5181CC00DC9FAF /* Models */ = {
			isa = PBXGroup;
			children = (
				8B2518E82A518FF70040F89C /* OnboardingSlide.swift */,
				8BEBDB6B2A540E2800182C5C /* DishCategory.swift */,
				8BEBDB772A543BB200182C5C /* Dish.swift */,
				8BA43F122A56E2DA00C72405 /* Order.swift */,
			);
			path = Models;
			sourceTree = "<group>";
		};
		8BFEDDF22A5181D900DC9FAF /* Views */ = {
			isa = PBXGroup;
			children = (
				8BA43F0F2A56DF4E00C72405 /* List Order */,
				8B6743752A54C226003031BA /* ListDishes */,
				8B67436A2A548742003031BA /* DishDetail */,
				8BD26BD92A5368C2003A97F8 /* Home */,
				8BFEDDF42A5181EC00DC9FAF /* Onboarding */,
			);
			path = Views;
			sourceTree = "<group>";
		};
		8BFEDDF32A5181E100DC9FAF /* CustomViews */ = {
			isa = PBXGroup;
			children = (
				8B67436F2A54BADF003031BA /* TableViewCells */,
				8BEBDB6F2A54243C00182C5C /* CardView */,
				8BD26BDC2A536F6C003A97F8 /* CollectionViewCells */,
			);
			path = CustomViews;
			sourceTree = "<group>";
		};
		8BFEDDF42A5181EC00DC9FAF /* Onboarding */ = {
			isa = PBXGroup;
			children = (
				8BFEDDF52A51821F00DC9FAF /* OnboardingViewController.swift */,
				8B2518EA2A5191F00040F89C /* OnboardingCollectionViewCell.swift */,
			);
			path = Onboarding;
			sourceTree = "<group>";
		};
		C8497F610FE7B7F1C628ACDE /* Pods */ = {
			isa = PBXGroup;
			children = (
				656C670CE4A8E7C28727E74B /* Pods-Yummie.debug.xcconfig */,
				65CFE0C8A6FDD2413600979A /* Pods-Yummie.release.xcconfig */,
			);
			path = Pods;
			sourceTree = "<group>";
		};
/* End PBXGroup section */

/* Begin PBXNativeTarget section */
		8BFEDDD92A517AF100DC9FAF /* Yummie */ = {
			isa = PBXNativeTarget;
			buildConfigurationList = 8BFEDDEE2A517AF300DC9FAF /* Build configuration list for PBXNativeTarget "Yummie" */;
			buildPhases = (
				9F4C5AFB3993C51F7043C50F /* [CP] Check Pods Manifest.lock */,
				8BFEDDD62A517AF100DC9FAF /* Sources */,
				8BFEDDD72A517AF100DC9FAF /* Frameworks */,
				8BFEDDD82A517AF100DC9FAF /* Resources */,
				78E2696E94DD5CE6A0BF0B78 /* [CP] Embed Pods Frameworks */,
			);
			buildRules = (
			);
			dependencies = (
			);
			name = Yummie;
			productName = Yummie;
			productReference = 8BFEDDDA2A517AF100DC9FAF /* Yummie.app */;
			productType = "com.apple.product-type.application";
		};
/* End PBXNativeTarget section */

/* Begin PBXProject section */
		8BFEDDD22A517AF100DC9FAF /* Project object */ = {
			isa = PBXProject;
			attributes = {
				BuildIndependentTargetsInParallel = 1;
				LastSwiftUpdateCheck = 1430;
				LastUpgradeCheck = 1430;
				TargetAttributes = {
					8BFEDDD92A517AF100DC9FAF = {
						CreatedOnToolsVersion = 14.3;
					};
				};
			};
			buildConfigurationList = 8BFEDDD52A517AF100DC9FAF /* Build configuration list for PBXProject "Yummie" */;
			compatibilityVersion = "Xcode 14.0";
			developmentRegion = en;
			hasScannedForEncodings = 0;
			knownRegions = (
				en,
				Base,
			);
			mainGroup = 8BFEDDD12A517AF100DC9FAF;
			productRefGroup = 8BFEDDDB2A517AF100DC9FAF /* Products */;
			projectDirPath = "";
			projectRoot = "";
			targets = (
				8BFEDDD92A517AF100DC9FAF /* Yummie */,
			);
		};
/* End PBXProject section */

/* Begin PBXResourcesBuildPhase section */
		8BFEDDD82A517AF100DC9FAF /* Resources */ = {
			isa = PBXResourcesBuildPhase;
			buildActionMask = 2147483647;
			files = (
				8BD26BE12A536FAF003A97F8 /* CategoryCollectionViewCell.xib in Resources */,
				8B6743742A54BB1E003031BA /* DishListTableViewCell.xib in Resources */,
				8BFEDDEA2A517AF300DC9FAF /* LaunchScreen.storyboard in Resources */,
				8BEBDB762A54393B00182C5C /* DishPortraitCollectionViewCell.xib in Resources */,
				8BFEDDE72A517AF300DC9FAF /* Assets.xcassets in Resources */,
				8BEBDB812A54558100182C5C /* DishLandscapeCollectionViewCell.xib in Resources */,
				8BFEDDE52A517AF100DC9FAF /* Main.storyboard in Resources */,
			);
			runOnlyForDeploymentPostprocessing = 0;
		};
/* End PBXResourcesBuildPhase section */

/* Begin PBXShellScriptBuildPhase section */
		78E2696E94DD5CE6A0BF0B78 /* [CP] Embed Pods Frameworks */ = {
			isa = PBXShellScriptBuildPhase;
			buildActionMask = 2147483647;
			files = (
			);
			inputFileListPaths = (
				"${PODS_ROOT}/Target Support Files/Pods-Yummie/Pods-Yummie-frameworks-${CONFIGURATION}-input-files.xcfilelist",
			);
			name = "[CP] Embed Pods Frameworks";
			outputFileListPaths = (
				"${PODS_ROOT}/Target Support Files/Pods-Yummie/Pods-Yummie-frameworks-${CONFIGURATION}-output-files.xcfilelist",
			);
			runOnlyForDeploymentPostprocessing = 0;
			shellPath = /bin/sh;
			shellScript = "\"${PODS_ROOT}/Target Support Files/Pods-Yummie/Pods-Yummie-frameworks.sh\"\n";
			showEnvVarsInLog = 0;
		};
		9F4C5AFB3993C51F7043C50F /* [CP] Check Pods Manifest.lock */ = {
			isa = PBXShellScriptBuildPhase;
			buildActionMask = 2147483647;
			files = (
			);
			inputFileListPaths = (
			);
			inputPaths = (
				"${PODS_PODFILE_DIR_PATH}/Podfile.lock",
				"${PODS_ROOT}/Manifest.lock",
			);
			name = "[CP] Check Pods Manifest.lock";
			outputFileListPaths = (
			);
			outputPaths = (
				"$(DERIVED_FILE_DIR)/Pods-Yummie-checkManifestLockResult.txt",
			);
			runOnlyForDeploymentPostprocessing = 0;
			shellPath = /bin/sh;
			shellScript = "diff \"${PODS_PODFILE_DIR_PATH}/Podfile.lock\" \"${PODS_ROOT}/Manifest.lock\" > /dev/null\nif [ $? != 0 ] ; then\n    # print error to STDERR\n    echo \"error: The sandbox is not in sync with the Podfile.lock. Run 'pod install' or update your CocoaPods installation.\" >&2\n    exit 1\nfi\n# This output is used by Xcode 'outputs' to avoid re-running this script phase.\necho \"SUCCESS\" > \"${SCRIPT_OUTPUT_FILE_0}\"\n";
			showEnvVarsInLog = 0;
		};
/* End PBXShellScriptBuildPhase section */

/* Begin PBXSourcesBuildPhase section */
		8BFEDDD62A517AF100DC9FAF /* Sources */ = {
			isa = PBXSourcesBuildPhase;
			buildActionMask = 2147483647;
			files = (
				8B6743732A54BB1E003031BA /* DishListTableViewCell.swift in Sources */,
				8BA43F112A56DF5D00C72405 /* ListOrdersViewController.swift in Sources */,
				8BA43F132A56E2DA00C72405 /* Order.swift in Sources */,
				8B67436E2A54B509003031BA /* UIViewController+Extension.swift in Sources */,
				8BD26BE02A536FAF003A97F8 /* CategoryCollectionViewCell.swift in Sources */,
				8B2518E92A518FF70040F89C /* OnboardingSlide.swift in Sources */,
				8BEBDB6E2A540FFC00182C5C /* StringExtension.swift in Sources */,
				8BFEDDDE2A517AF100DC9FAF /* AppDelegate.swift in Sources */,
				8BFEDDE02A517AF100DC9FAF /* SceneDelegate.swift in Sources */,
				8B2518E72A518EFE0040F89C /* UIViewExtension.swift in Sources */,
				8B67436C2A548766003031BA /* DishDetailViewController.swift in Sources */,
				8BFEDDF62A51821F00DC9FAF /* OnboardingViewController.swift in Sources */,
				8BD26BDB2A5368E1003A97F8 /* HomeViewController.swift in Sources */,
				8BEBDB802A54558100182C5C /* DishLandscapeCollectionViewCell.swift in Sources */,
				8BEBDB6C2A540E2800182C5C /* DishCategory.swift in Sources */,
				8BEBDB712A54244C00182C5C /* CardView.swift in Sources */,
				8B6743772A54C248003031BA /* ListDishesViewController.swift in Sources */,
				8B2518EB2A5191F00040F89C /* OnboardingCollectionViewCell.swift in Sources */,
				8BEBDB782A543BB200182C5C /* Dish.swift in Sources */,
				8BEBDB752A54393B00182C5C /* DishPortraitCollectionViewCell.swift in Sources */,
			);
			runOnlyForDeploymentPostprocessing = 0;
		};
/* End PBXSourcesBuildPhase section */

/* Begin PBXVariantGroup section */
		8BFEDDE32A517AF100DC9FAF /* Main.storyboard */ = {
			isa = PBXVariantGroup;
			children = (
				8BFEDDE42A517AF100DC9FAF /* Base */,
			);
			name = Main.storyboard;
			sourceTree = "<group>";
		};
		8BFEDDE82A517AF300DC9FAF /* LaunchScreen.storyboard */ = {
			isa = PBXVariantGroup;
			children = (
				8BFEDDE92A517AF300DC9FAF /* Base */,
			);
			name = LaunchScreen.storyboard;
			sourceTree = "<group>";
		};
/* End PBXVariantGroup section */

/* Begin XCBuildConfiguration section */
		8BFEDDEC2A517AF300DC9FAF /* Debug */ = {
			isa = XCBuildConfiguration;
			buildSettings = {
				ALWAYS_SEARCH_USER_PATHS = NO;
				CLANG_ANALYZER_NONNULL = YES;
				CLANG_ANALYZER_NUMBER_OBJECT_CONVERSION = YES_AGGRESSIVE;
				CLANG_CXX_LANGUAGE_STANDARD = "gnu++20";
				CLANG_ENABLE_MODULES = YES;
				CLANG_ENABLE_OBJC_ARC = YES;
				CLANG_ENABLE_OBJC_WEAK = YES;
				CLANG_WARN_BLOCK_CAPTURE_AUTORELEASING = YES;
				CLANG_WARN_BOOL_CONVERSION = YES;
				CLANG_WARN_COMMA = YES;
				CLANG_WARN_CONSTANT_CONVERSION = YES;
				CLANG_WARN_DEPRECATED_OBJC_IMPLEMENTATIONS = YES;
				CLANG_WARN_DIRECT_OBJC_ISA_USAGE = YES_ERROR;
				CLANG_WARN_DOCUMENTATION_COMMENTS = YES;
				CLANG_WARN_EMPTY_BODY = YES;
				CLANG_WARN_ENUM_CONVERSION = YES;
				CLANG_WARN_INFINITE_RECURSION = YES;
				CLANG_WARN_INT_CONVERSION = YES;
				CLANG_WARN_NON_LITERAL_NULL_CONVERSION = YES;
				CLANG_WARN_OBJC_IMPLICIT_RETAIN_SELF = YES;
				CLANG_WARN_OBJC_LITERAL_CONVERSION = YES;
				CLANG_WARN_OBJC_ROOT_CLASS = YES_ERROR;
				CLANG_WARN_QUOTED_INCLUDE_IN_FRAMEWORK_HEADER = YES;
				CLANG_WARN_RANGE_LOOP_ANALYSIS = YES;
				CLANG_WARN_STRICT_PROTOTYPES = YES;
				CLANG_WARN_SUSPICIOUS_MOVE = YES;
				CLANG_WARN_UNGUARDED_AVAILABILITY = YES_AGGRESSIVE;
				CLANG_WARN_UNREACHABLE_CODE = YES;
				CLANG_WARN__DUPLICATE_METHOD_MATCH = YES;
				COPY_PHASE_STRIP = NO;
				DEBUG_INFORMATION_FORMAT = dwarf;
				ENABLE_STRICT_OBJC_MSGSEND = YES;
				ENABLE_TESTABILITY = YES;
				GCC_C_LANGUAGE_STANDARD = gnu11;
				GCC_DYNAMIC_NO_PIC = NO;
				GCC_NO_COMMON_BLOCKS = YES;
				GCC_OPTIMIZATION_LEVEL = 0;
				GCC_PREPROCESSOR_DEFINITIONS = (
					"DEBUG=1",
					"$(inherited)",
				);
				GCC_WARN_64_TO_32_BIT_CONVERSION = YES;
				GCC_WARN_ABOUT_RETURN_TYPE = YES_ERROR;
				GCC_WARN_UNDECLARED_SELECTOR = YES;
				GCC_WARN_UNINITIALIZED_AUTOS = YES_AGGRESSIVE;
				GCC_WARN_UNUSED_FUNCTION = YES;
				GCC_WARN_UNUSED_VARIABLE = YES;
				IPHONEOS_DEPLOYMENT_TARGET = 16.4;
				MTL_ENABLE_DEBUG_INFO = INCLUDE_SOURCE;
				MTL_FAST_MATH = YES;
				ONLY_ACTIVE_ARCH = YES;
				SDKROOT = iphoneos;
				SWIFT_ACTIVE_COMPILATION_CONDITIONS = DEBUG;
				SWIFT_OPTIMIZATION_LEVEL = "-Onone";
			};
			name = Debug;
		};
		8BFEDDED2A517AF300DC9FAF /* Release */ = {
			isa = XCBuildConfiguration;
			buildSettings = {
				ALWAYS_SEARCH_USER_PATHS = NO;
				CLANG_ANALYZER_NONNULL = YES;
				CLANG_ANALYZER_NUMBER_OBJECT_CONVERSION = YES_AGGRESSIVE;
				CLANG_CXX_LANGUAGE_STANDARD = "gnu++20";
				CLANG_ENABLE_MODULES = YES;
				CLANG_ENABLE_OBJC_ARC = YES;
				CLANG_ENABLE_OBJC_WEAK = YES;
				CLANG_WARN_BLOCK_CAPTURE_AUTORELEASING = YES;
				CLANG_WARN_BOOL_CONVERSION = YES;
				CLANG_WARN_COMMA = YES;
				CLANG_WARN_CONSTANT_CONVERSION = YES;
				CLANG_WARN_DEPRECATED_OBJC_IMPLEMENTATIONS = YES;
				CLANG_WARN_DIRECT_OBJC_ISA_USAGE = YES_ERROR;
				CLANG_WARN_DOCUMENTATION_COMMENTS = YES;
				CLANG_WARN_EMPTY_BODY = YES;
				CLANG_WARN_ENUM_CONVERSION = YES;
				CLANG_WARN_INFINITE_RECURSION = YES;
				CLANG_WARN_INT_CONVERSION = YES;
				CLANG_WARN_NON_LITERAL_NULL_CONVERSION = YES;
				CLANG_WARN_OBJC_IMPLICIT_RETAIN_SELF = YES;
				CLANG_WARN_OBJC_LITERAL_CONVERSION = YES;
				CLANG_WARN_OBJC_ROOT_CLASS = YES_ERROR;
				CLANG_WARN_QUOTED_INCLUDE_IN_FRAMEWORK_HEADER = YES;
				CLANG_WARN_RANGE_LOOP_ANALYSIS = YES;
				CLANG_WARN_STRICT_PROTOTYPES = YES;
				CLANG_WARN_SUSPICIOUS_MOVE = YES;
				CLANG_WARN_UNGUARDED_AVAILABILITY = YES_AGGRESSIVE;
				CLANG_WARN_UNREACHABLE_CODE = YES;
				CLANG_WARN__DUPLICATE_METHOD_MATCH = YES;
				COPY_PHASE_STRIP = NO;
				DEBUG_INFORMATION_FORMAT = "dwarf-with-dsym";
				ENABLE_NS_ASSERTIONS = NO;
				ENABLE_STRICT_OBJC_MSGSEND = YES;
				GCC_C_LANGUAGE_STANDARD = gnu11;
				GCC_NO_COMMON_BLOCKS = YES;
				GCC_WARN_64_TO_32_BIT_CONVERSION = YES;
				GCC_WARN_ABOUT_RETURN_TYPE = YES_ERROR;
				GCC_WARN_UNDECLARED_SELECTOR = YES;
				GCC_WARN_UNINITIALIZED_AUTOS = YES_AGGRESSIVE;
				GCC_WARN_UNUSED_FUNCTION = YES;
				GCC_WARN_UNUSED_VARIABLE = YES;
				IPHONEOS_DEPLOYMENT_TARGET = 16.4;
				MTL_ENABLE_DEBUG_INFO = NO;
				MTL_FAST_MATH = YES;
				SDKROOT = iphoneos;
				SWIFT_COMPILATION_MODE = wholemodule;
				SWIFT_OPTIMIZATION_LEVEL = "-O";
				VALIDATE_PRODUCT = YES;
			};
			name = Release;
		};
		8BFEDDEF2A517AF300DC9FAF /* Debug */ = {
			isa = XCBuildConfiguration;
			baseConfigurationReference = 656C670CE4A8E7C28727E74B /* Pods-Yummie.debug.xcconfig */;
			buildSettings = {
				ASSETCATALOG_COMPILER_APPICON_NAME = AppIcon;
				ASSETCATALOG_COMPILER_GLOBAL_ACCENT_COLOR_NAME = AccentColor;
				CODE_SIGN_STYLE = Automatic;
				CURRENT_PROJECT_VERSION = 1;
				DEVELOPMENT_TEAM = HM232RT6TS;
				GENERATE_INFOPLIST_FILE = YES;
				INFOPLIST_FILE = Yummie/Info.plist;
				INFOPLIST_KEY_UIApplicationSupportsIndirectInputEvents = YES;
				INFOPLIST_KEY_UILaunchStoryboardName = LaunchScreen;
				INFOPLIST_KEY_UIMainStoryboardFile = Main;
				INFOPLIST_KEY_UISupportedInterfaceOrientations_iPad = "UIInterfaceOrientationPortrait UIInterfaceOrientationPortraitUpsideDown UIInterfaceOrientationLandscapeLeft UIInterfaceOrientationLandscapeRight";
				INFOPLIST_KEY_UISupportedInterfaceOrientations_iPhone = "UIInterfaceOrientationPortrait UIInterfaceOrientationLandscapeLeft UIInterfaceOrientationLandscapeRight";
				LD_RUNPATH_SEARCH_PATHS = (
					"$(inherited)",
					"@executable_path/Frameworks",
				);
				MARKETING_VERSION = 1.0;
				PRODUCT_BUNDLE_IDENTIFIER = faltungg.Yummie;
				PRODUCT_NAME = "$(TARGET_NAME)";
				SWIFT_EMIT_LOC_STRINGS = YES;
				SWIFT_VERSION = 5.0;
				TARGETED_DEVICE_FAMILY = "1,2";
			};
			name = Debug;
		};
		8BFEDDF02A517AF300DC9FAF /* Release */ = {
			isa = XCBuildConfiguration;
			baseConfigurationReference = 65CFE0C8A6FDD2413600979A /* Pods-Yummie.release.xcconfig */;
			buildSettings = {
				ASSETCATALOG_COMPILER_APPICON_NAME = AppIcon;
				ASSETCATALOG_COMPILER_GLOBAL_ACCENT_COLOR_NAME = AccentColor;
				CODE_SIGN_STYLE = Automatic;
				CURRENT_PROJECT_VERSION = 1;
				DEVELOPMENT_TEAM = HM232RT6TS;
				GENERATE_INFOPLIST_FILE = YES;
				INFOPLIST_FILE = Yummie/Info.plist;
				INFOPLIST_KEY_UIApplicationSupportsIndirectInputEvents = YES;
				INFOPLIST_KEY_UILaunchStoryboardName = LaunchScreen;
				INFOPLIST_KEY_UIMainStoryboardFile = Main;
				INFOPLIST_KEY_UISupportedInterfaceOrientations_iPad = "UIInterfaceOrientationPortrait UIInterfaceOrientationPortraitUpsideDown UIInterfaceOrientationLandscapeLeft UIInterfaceOrientationLandscapeRight";
				INFOPLIST_KEY_UISupportedInterfaceOrientations_iPhone = "UIInterfaceOrientationPortrait UIInterfaceOrientationLandscapeLeft UIInterfaceOrientationLandscapeRight";
				LD_RUNPATH_SEARCH_PATHS = (
					"$(inherited)",
					"@executable_path/Frameworks",
				);
				MARKETING_VERSION = 1.0;
				PRODUCT_BUNDLE_IDENTIFIER = faltungg.Yummie;
				PRODUCT_NAME = "$(TARGET_NAME)";
				SWIFT_EMIT_LOC_STRINGS = YES;
				SWIFT_VERSION = 5.0;
				TARGETED_DEVICE_FAMILY = "1,2";
			};
			name = Release;
		};
/* End XCBuildConfiguration section */

/* Begin XCConfigurationList section */
		8BFEDDD52A517AF100DC9FAF /* Build configuration list for PBXProject "Yummie" */ = {
			isa = XCConfigurationList;
			buildConfigurations = (
				8BFEDDEC2A517AF300DC9FAF /* Debug */,
				8BFEDDED2A517AF300DC9FAF /* Release */,
			);
			defaultConfigurationIsVisible = 0;
			defaultConfigurationName = Release;
		};
		8BFEDDEE2A517AF300DC9FAF /* Build configuration list for PBXNativeTarget "Yummie" */ = {
			isa = XCConfigurationList;
			buildConfigurations = (
				8BFEDDEF2A517AF300DC9FAF /* Debug */,
				8BFEDDF02A517AF300DC9FAF /* Release */,
			);
			defaultConfigurationIsVisible = 0;
			defaultConfigurationName = Release;
		};
/* End XCConfigurationList section */
	};
	rootObject = 8BFEDDD22A517AF100DC9FAF /* Project object */;
}
